
Microsoft Visual Studio Solution File, Format Version 12.00
# Visual Studio Version 17
VisualStudioVersion = 17.4.33122.133
MinimumVisualStudioVersion = 10.0.40219.1
Project("{FAE04EC0-301F-11D3-BF4B-00C04F79EFBC}") = "UleyDiploma", "UleyDiploma\UleyDiploma.csproj", "{134F60A5-7B24-4BA5-A97C-FF93CB724A6D}"
EndProject
Global
	GlobalSection(SolutionConfigurationPlatforms) = preSolution
		Debug|Any CPU = Debug|Any CPU
		Release|Any CPU = Release|Any CPU
	EndGlobalSection
	GlobalSection(ProjectConfigurationPlatforms) = postSolution
		{134F60A5-7B24-4BA5-A97C-FF93CB724A6D}.Debug|Any CPU.ActiveCfg = Debug|Any CPU
		{134F60A5-7B24-4BA5-A97C-FF93CB724A6D}.Debug|Any CPU.Build.0 = Debug|Any CPU
		{134F60A5-7B24-4BA5-A97C-FF93CB724A6D}.Release|Any CPU.ActiveCfg = Release|Any CPU
		{134F60A5-7B24-4BA5-A97C-FF93CB724A6D}.Release|Any CPU.Build.0 = Release|Any CPU
	EndGlobalSection
	GlobalSection(SolutionProperties) = preSolution
		HideSolutionNode = FALSE
	EndGlobalSection
	GlobalSection(ExtensibilityGlobals) = postSolution
		SolutionGuid = {69B93837-4E2C-4117-87FC-5965803B36AF}
	EndGlobalSection
EndGlobal
